%{
  "fasta": {:hex, :fasta, "0.1.0", "fa14a69396b0a7ac552b27ea864c6115e0dbe9d5ecfdaf36cbb4bf788b750a56", [:mix], [{:parallel, "~> 0.0.3", [hex: :parallel, repo: "hexpm", optional: false]}], "hexpm"},
  "parallel": {:hex, :parallel, "0.0.3", "d1c9a03f0fd6c85ba174938b9823db51e01a68f9f0e76e3f3e11989cbeb607e7", [:mix], [], "hexpm", "d9b5e98c1892f5376b4dfa28c48a3a17029f86a28d1f9ec2f7c1a2747f256a4d"},
}
